
Microsoft Visual Studio Solution File, Format Version 12.00
# Visual Studio 15
VisualStudioVersion = 15.0.26403.3
MinimumVisualStudioVersion = 10.0.40219.1
Project("{FAE04EC0-301F-11D3-BF4B-00C04F79EFBC}") = "FriendOrganisor.UI", "FriendOrganisor.UI\FriendOrganisor.UI.csproj", "{6A25A409-0AD7-4A4C-9390-43D906F4C4EF}"
EndProject
Project("{FAE04EC0-301F-11D3-BF4B-00C04F79EFBC}") = "FriendOrganisor.DataAccess", "FriendOrganisor.DataAccess\FriendOrganisor.DataAccess.csproj", "{3ECBCE98-8E8A-41E0-BB45-EFFCEEAB0A53}"
EndProject
Project("{FAE04EC0-301F-11D3-BF4B-00C04F79EFBC}") = "FriendOrganisor.Model", "FriendOrganisor.Model\FriendOrganisor.Model.csproj", "{3E29AE56-AB9D-4745-8075-866F37C37DD1}"
EndProject
Global
	GlobalSection(SolutionConfigurationPlatforms) = preSolution
		Debug|Any CPU = Debug|Any CPU
		Release|Any CPU = Release|Any CPU
	EndGlobalSection
	GlobalSection(ProjectConfigurationPlatforms) = postSolution
		{6A25A409-0AD7-4A4C-9390-43D906F4C4EF}.Debug|Any CPU.ActiveCfg = Debug|Any CPU
		{6A25A409-0AD7-4A4C-9390-43D906F4C4EF}.Debug|Any CPU.Build.0 = Debug|Any CPU
		{6A25A409-0AD7-4A4C-9390-43D906F4C4EF}.Release|Any CPU.ActiveCfg = Release|Any CPU
		{6A25A409-0AD7-4A4C-9390-43D906F4C4EF}.Release|Any CPU.Build.0 = Release|Any CPU
		{3ECBCE98-8E8A-41E0-BB45-EFFCEEAB0A53}.Debug|Any CPU.ActiveCfg = Debug|Any CPU
		{3ECBCE98-8E8A-41E0-BB45-EFFCEEAB0A53}.Debug|Any CPU.Build.0 = Debug|Any CPU
		{3ECBCE98-8E8A-41E0-BB45-EFFCEEAB0A53}.Release|Any CPU.ActiveCfg = Release|Any CPU
		{3ECBCE98-8E8A-41E0-BB45-EFFCEEAB0A53}.Release|Any CPU.Build.0 = Release|Any CPU
		{3E29AE56-AB9D-4745-8075-866F37C37DD1}.Debug|Any CPU.ActiveCfg = Debug|Any CPU
		{3E29AE56-AB9D-4745-8075-866F37C37DD1}.Debug|Any CPU.Build.0 = Debug|Any CPU
		{3E29AE56-AB9D-4745-8075-866F37C37DD1}.Release|Any CPU.ActiveCfg = Release|Any CPU
		{3E29AE56-AB9D-4745-8075-866F37C37DD1}.Release|Any CPU.Build.0 = Release|Any CPU
	EndGlobalSection
	GlobalSection(SolutionProperties) = preSolution
		HideSolutionNode = FALSE
	EndGlobalSection
EndGlobal
